
Microsoft Visual Studio Solution File, Format Version 12.00
# Visual Studio Version 17
VisualStudioVersion = 17.1.32210.238
MinimumVisualStudioVersion = 10.0.40219.1
Project("{FAE04EC0-301F-11D3-BF4B-00C04F79EFBC}") = "Switch_Cases_Program", "Switch_Cases_Program\Switch_Cases_Program.csproj", "{B56ECD0B-C633-46B5-8AD5-59F9680DF853}"
EndProject
Global
	GlobalSection(SolutionConfigurationPlatforms) = preSolution
		Debug|Any CPU = Debug|Any CPU
		Release|Any CPU = Release|Any CPU
	EndGlobalSection
	GlobalSection(ProjectConfigurationPlatforms) = postSolution
		{B56ECD0B-C633-46B5-8AD5-59F9680DF853}.Debug|Any CPU.ActiveCfg = Debug|Any CPU
		{B56ECD0B-C633-46B5-8AD5-59F9680DF853}.Debug|Any CPU.Build.0 = Debug|Any CPU
		{B56ECD0B-C633-46B5-8AD5-59F9680DF853}.Release|Any CPU.ActiveCfg = Release|Any CPU
		{B56ECD0B-C633-46B5-8AD5-59F9680DF853}.Release|Any CPU.Build.0 = Release|Any CPU
	EndGlobalSection
	GlobalSection(SolutionProperties) = preSolution
		HideSolutionNode = FALSE
	EndGlobalSection
	GlobalSection(ExtensibilityGlobals) = postSolution
		SolutionGuid = {604B20AA-0B95-49AC-9FED-2C2F0139FEF8}
	EndGlobalSection
EndGlobal
